
Microsoft Visual Studio Solution File, Format Version 12.00
# Visual Studio Version 17
VisualStudioVersion = 17.4.33110.190
MinimumVisualStudioVersion = 10.0.40219.1
Project("{2150E333-8FDC-42A3-9474-1A3956D46DE8}") = "Doc", "Doc", "{6A92D721-AE65-469D-8997-81004AD594EF}"
EndProject
Project("{2150E333-8FDC-42A3-9474-1A3956D46DE8}") = "Src", "Src", "{9642663D-44D2-453F-8C19-3EFCEDBA8567}"
EndProject
Project("{2150E333-8FDC-42A3-9474-1A3956D46DE8}") = "Test", "Test", "{FD50FC37-0D36-46DC-8F89-6B357DD33F2D}"
EndProject
Project("{2150E333-8FDC-42A3-9474-1A3956D46DE8}") = "Common", "Common", "{5A82147A-9BCF-4330-8DF7-EDBF70544F94}"
EndProject
Project("{2150E333-8FDC-42A3-9474-1A3956D46DE8}") = "Infrastructure", "Infrastructure", "{B8EC2506-24D8-4446-8048-5B265A13695E}"
EndProject
Project("{2150E333-8FDC-42A3-9474-1A3956D46DE8}") = "Presentation", "Presentation", "{BD774EFB-25B6-497F-8254-2318B2262A21}"
EndProject
Project("{2150E333-8FDC-42A3-9474-1A3956D46DE8}") = "Core", "Core", "{5ED8FABA-F388-448D-99E5-5EEB09DEAA39}"
EndProject
Project("{9A19103F-16F7-4668-BE54-9A1E7A4F7556}") = "IranTalent.Common", "IranTalent.Common\IranTalent.Common.csproj", "{89C559AD-F463-4DE2-87AB-3F4C4D643762}"
EndProject
Project("{9A19103F-16F7-4668-BE54-9A1E7A4F7556}") = "IranTalent.Application", "IranTalent.Application\IranTalent.Application.csproj", "{926853F2-5E1E-4CE5-9718-1073FA8E6A2D}"
EndProject
Project("{9A19103F-16F7-4668-BE54-9A1E7A4F7556}") = "IranTalent.Domain", "IranTalent.Domain\IranTalent.Domain.csproj", "{53845155-2B30-4E6E-9070-76F5245787BD}"
EndProject
Project("{9A19103F-16F7-4668-BE54-9A1E7A4F7556}") = "IranTalent.Persistence", "IranTalent.Persistence\IranTalent.Persistence.csproj", "{E6FD8668-97E8-42B5-8A24-FF52F0C398BF}"
EndProject
Project("{9A19103F-16F7-4668-BE54-9A1E7A4F7556}") = "EndPoint.Site", "EndPoint.Site\EndPoint.Site.csproj", "{47A91DC8-7C1B-4C30-96D7-68BB9453B37B}"
EndProject
Global
	GlobalSection(SolutionConfigurationPlatforms) = preSolution
		Debug|Any CPU = Debug|Any CPU
		Release|Any CPU = Release|Any CPU
	EndGlobalSection
	GlobalSection(ProjectConfigurationPlatforms) = postSolution
		{89C559AD-F463-4DE2-87AB-3F4C4D643762}.Debug|Any CPU.ActiveCfg = Debug|Any CPU
		{89C559AD-F463-4DE2-87AB-3F4C4D643762}.Debug|Any CPU.Build.0 = Debug|Any CPU
		{89C559AD-F463-4DE2-87AB-3F4C4D643762}.Release|Any CPU.ActiveCfg = Release|Any CPU
		{89C559AD-F463-4DE2-87AB-3F4C4D643762}.Release|Any CPU.Build.0 = Release|Any CPU
		{926853F2-5E1E-4CE5-9718-1073FA8E6A2D}.Debug|Any CPU.ActiveCfg = Debug|Any CPU
		{926853F2-5E1E-4CE5-9718-1073FA8E6A2D}.Debug|Any CPU.Build.0 = Debug|Any CPU
		{926853F2-5E1E-4CE5-9718-1073FA8E6A2D}.Release|Any CPU.ActiveCfg = Release|Any CPU
		{926853F2-5E1E-4CE5-9718-1073FA8E6A2D}.Release|Any CPU.Build.0 = Release|Any CPU
		{53845155-2B30-4E6E-9070-76F5245787BD}.Debug|Any CPU.ActiveCfg = Debug|Any CPU
		{53845155-2B30-4E6E-9070-76F5245787BD}.Debug|Any CPU.Build.0 = Debug|Any CPU
		{53845155-2B30-4E6E-9070-76F5245787BD}.Release|Any CPU.ActiveCfg = Release|Any CPU
		{53845155-2B30-4E6E-9070-76F5245787BD}.Release|Any CPU.Build.0 = Release|Any CPU
		{E6FD8668-97E8-42B5-8A24-FF52F0C398BF}.Debug|Any CPU.ActiveCfg = Debug|Any CPU
		{E6FD8668-97E8-42B5-8A24-FF52F0C398BF}.Debug|Any CPU.Build.0 = Debug|Any CPU
		{E6FD8668-97E8-42B5-8A24-FF52F0C398BF}.Release|Any CPU.ActiveCfg = Release|Any CPU
		{E6FD8668-97E8-42B5-8A24-FF52F0C398BF}.Release|Any CPU.Build.0 = Release|Any CPU
		{47A91DC8-7C1B-4C30-96D7-68BB9453B37B}.Debug|Any CPU.ActiveCfg = Debug|Any CPU
		{47A91DC8-7C1B-4C30-96D7-68BB9453B37B}.Debug|Any CPU.Build.0 = Debug|Any CPU
		{47A91DC8-7C1B-4C30-96D7-68BB9453B37B}.Release|Any CPU.ActiveCfg = Release|Any CPU
		{47A91DC8-7C1B-4C30-96D7-68BB9453B37B}.Release|Any CPU.Build.0 = Release|Any CPU
	EndGlobalSection
	GlobalSection(SolutionProperties) = preSolution
		HideSolutionNode = FALSE
	EndGlobalSection
	GlobalSection(NestedProjects) = preSolution
		{5A82147A-9BCF-4330-8DF7-EDBF70544F94} = {9642663D-44D2-453F-8C19-3EFCEDBA8567}
		{B8EC2506-24D8-4446-8048-5B265A13695E} = {9642663D-44D2-453F-8C19-3EFCEDBA8567}
		{BD774EFB-25B6-497F-8254-2318B2262A21} = {9642663D-44D2-453F-8C19-3EFCEDBA8567}
		{5ED8FABA-F388-448D-99E5-5EEB09DEAA39} = {9642663D-44D2-453F-8C19-3EFCEDBA8567}
		{89C559AD-F463-4DE2-87AB-3F4C4D643762} = {5A82147A-9BCF-4330-8DF7-EDBF70544F94}
		{926853F2-5E1E-4CE5-9718-1073FA8E6A2D} = {5ED8FABA-F388-448D-99E5-5EEB09DEAA39}
		{53845155-2B30-4E6E-9070-76F5245787BD} = {5ED8FABA-F388-448D-99E5-5EEB09DEAA39}
		{E6FD8668-97E8-42B5-8A24-FF52F0C398BF} = {B8EC2506-24D8-4446-8048-5B265A13695E}
		{47A91DC8-7C1B-4C30-96D7-68BB9453B37B} = {BD774EFB-25B6-497F-8254-2318B2262A21}
	EndGlobalSection
	GlobalSection(ExtensibilityGlobals) = postSolution
		SolutionGuid = {5DE56800-1D86-4D5F-A70E-C1BB0CA4900E}
	EndGlobalSection
EndGlobal
